
Microsoft Visual Studio Solution File, Format Version 12.00
# Visual Studio Version 17
VisualStudioVersion = 17.4.33213.308
MinimumVisualStudioVersion = 10.0.40219.1
Project("{9A19103F-16F7-4668-BE54-9A1E7A4F7556}") = "SzpitalMVC", "SzpitalMVC\SzpitalMVC.csproj", "{741AC646-513C-4E9F-B06A-FCE333EE16E6}"
EndProject
Global
	GlobalSection(SolutionConfigurationPlatforms) = preSolution
		Debug|Any CPU = Debug|Any CPU
		Release|Any CPU = Release|Any CPU
	EndGlobalSection
	GlobalSection(ProjectConfigurationPlatforms) = postSolution
		{741AC646-513C-4E9F-B06A-FCE333EE16E6}.Debug|Any CPU.ActiveCfg = Debug|Any CPU
		{741AC646-513C-4E9F-B06A-FCE333EE16E6}.Debug|Any CPU.Build.0 = Debug|Any CPU
		{741AC646-513C-4E9F-B06A-FCE333EE16E6}.Release|Any CPU.ActiveCfg = Release|Any CPU
		{741AC646-513C-4E9F-B06A-FCE333EE16E6}.Release|Any CPU.Build.0 = Release|Any CPU
	EndGlobalSection
	GlobalSection(SolutionProperties) = preSolution
		HideSolutionNode = FALSE
	EndGlobalSection
	GlobalSection(ExtensibilityGlobals) = postSolution
		SolutionGuid = {ACAFECED-6220-476D-9B89-C31546C983EC}
	EndGlobalSection
EndGlobal
